{
  "name": "le-truc-atelier",
  "version": "0.1.0",
  "lockfileVersion": 3,
  "requires": true,
  "packages": {
    "": {
      "name": "le-truc-atelier",
      "version": "0.1.0",
      "license": "ISC",
      "dependencies": {
        "@zeix/le-truc": "^2.6.0"
      }
    },
    "node_modules/@zeix/cause-effect": {
      "version": "1.5.2",
      "resolved": "https://registry.npmjs.org/@zeix/cause-effect/-/cause-effect-1.5.2.tgz",
      "integrity": "sha512-fd6HCMgUN0BrOTvRELXrV/HXuVpXQ09FJ5qv7gfQBvL8EVMWSL8v4hJMGQVvO3CuEjnVvajRmoq4iiCfwix/4A==",
      "license": "MIT",
      "peerDependencies": {
        "typescript": ">=5.8.0"
      },
      "peerDependenciesMeta": {
        "typescript": {
          "optional": true
        }
      }
    },
    "node_modules/@zeix/le-truc": {
      "version": "2.6.0",
      "resolved": "https://registry.npmjs.org/@zeix/le-truc/-/le-truc-2.6.0.tgz",
      "integrity": "sha512-Fte6uRzaWU6xUF6Ncvr7Xm49NT8w5vzU5uPy8aYO57JAe/+qDq/HWRPM78ROg3MzKtNjk4BQp5fepBB/MrlQvQ==",
      "license": "MIT",
      "dependencies": {
        "@zeix/cause-effect": "^1.5.2"
      },
      "peerDependencies": {
        "typescript": ">=5.8.0"
      },
      "peerDependenciesMeta": {
        "typescript": {
          "optional": true
        }
      }
    }
  }
}
